
Microsoft Visual Studio Solution File, Format Version 12.00
# Visual Studio 14
VisualStudioVersion = 14.0.25420.1
MinimumVisualStudioVersion = 10.0.40219.1
Project("{FAE04EC0-301F-11D3-BF4B-00C04F79EFBC}") = "HCS", "HCS\HCS.csproj", "{A511FCDD-99BC-4901-9DB3-3E59BC0D7889}"
EndProject
Project("{FAE04EC0-301F-11D3-BF4B-00C04F79EFBC}") = "HCSLibrary", "HCSLibrary\HCSLibrary.csproj", "{E9F59986-C6CE-495C-83BB-47A3E0B866FB}"
EndProject
Global
	GlobalSection(SolutionConfigurationPlatforms) = preSolution
		Debug|Any CPU = Debug|Any CPU
		Release|Any CPU = Release|Any CPU
	EndGlobalSection
	GlobalSection(ProjectConfigurationPlatforms) = postSolution
		{A511FCDD-99BC-4901-9DB3-3E59BC0D7889}.Debug|Any CPU.ActiveCfg = Debug|Any CPU
		{A511FCDD-99BC-4901-9DB3-3E59BC0D7889}.Debug|Any CPU.Build.0 = Debug|Any CPU
		{A511FCDD-99BC-4901-9DB3-3E59BC0D7889}.Release|Any CPU.ActiveCfg = Release|Any CPU
		{A511FCDD-99BC-4901-9DB3-3E59BC0D7889}.Release|Any CPU.Build.0 = Release|Any CPU
		{E9F59986-C6CE-495C-83BB-47A3E0B866FB}.Debug|Any CPU.ActiveCfg = Debug|Any CPU
		{E9F59986-C6CE-495C-83BB-47A3E0B866FB}.Debug|Any CPU.Build.0 = Debug|Any CPU
		{E9F59986-C6CE-495C-83BB-47A3E0B866FB}.Release|Any CPU.ActiveCfg = Release|Any CPU
		{E9F59986-C6CE-495C-83BB-47A3E0B866FB}.Release|Any CPU.Build.0 = Release|Any CPU
	EndGlobalSection
	GlobalSection(SolutionProperties) = preSolution
		HideSolutionNode = FALSE
	EndGlobalSection
EndGlobal
